
Microsoft Visual Studio Solution File, Format Version 12.00
# Visual Studio Version 16
VisualStudioVersion = 16.0.30413.136
MinimumVisualStudioVersion = 10.0.40219.1
Project("{9A19103F-16F7-4668-BE54-9A1E7A4F7556}") = "Strings.Abbreviations", "Strings.Abbreviations\Strings.Abbreviations.csproj", "{E1944377-A34C-4251-82E1-20CCCD5CEEAA}"
EndProject
Project("{FAE04EC0-301F-11D3-BF4B-00C04F79EFBC}") = "Strings.Abbreviations.Tests", "Strings.Abbreviations.Tests\Strings.Abbreviations.Tests.csproj", "{0AA08A3C-096F-4B6A-AB15-F92894DEEDC4}"
EndProject
Global
	GlobalSection(SolutionConfigurationPlatforms) = preSolution
		Debug|Any CPU = Debug|Any CPU
		Release|Any CPU = Release|Any CPU
	EndGlobalSection
	GlobalSection(ProjectConfigurationPlatforms) = postSolution
		{E1944377-A34C-4251-82E1-20CCCD5CEEAA}.Debug|Any CPU.ActiveCfg = Debug|Any CPU
		{E1944377-A34C-4251-82E1-20CCCD5CEEAA}.Debug|Any CPU.Build.0 = Debug|Any CPU
		{E1944377-A34C-4251-82E1-20CCCD5CEEAA}.Release|Any CPU.ActiveCfg = Release|Any CPU
		{E1944377-A34C-4251-82E1-20CCCD5CEEAA}.Release|Any CPU.Build.0 = Release|Any CPU
		{0AA08A3C-096F-4B6A-AB15-F92894DEEDC4}.Debug|Any CPU.ActiveCfg = Debug|Any CPU
		{0AA08A3C-096F-4B6A-AB15-F92894DEEDC4}.Debug|Any CPU.Build.0 = Debug|Any CPU
		{0AA08A3C-096F-4B6A-AB15-F92894DEEDC4}.Release|Any CPU.ActiveCfg = Release|Any CPU
		{0AA08A3C-096F-4B6A-AB15-F92894DEEDC4}.Release|Any CPU.Build.0 = Release|Any CPU
	EndGlobalSection
	GlobalSection(SolutionProperties) = preSolution
		HideSolutionNode = FALSE
	EndGlobalSection
	GlobalSection(ExtensibilityGlobals) = postSolution
		SolutionGuid = {541CC2D8-AC51-4E5E-AD9D-2A82AD803FC0}
	EndGlobalSection
EndGlobal
